
Microsoft Visual Studio Solution File, Format Version 12.00
# Visual Studio Version 17
VisualStudioVersion = 17.3.32929.385
MinimumVisualStudioVersion = 10.0.40219.1
Project("{9A19103F-16F7-4668-BE54-9A1E7A4F7556}") = "PostsByMarko.Host", "PostsByMarko.Host\PostsByMarko.Host.csproj", "{272BE9DF-3CD6-4D2D-B571-B6D3A3DEF34F}"
EndProject
Project("{9A19103F-16F7-4668-BE54-9A1E7A4F7556}") = "PostsTesting", "PostsTesting\PostsTesting.csproj", "{667CDB6E-52E2-4B68-9AF1-C97630F6C6F5}"
EndProject
Project("{E53339B2-1760-4266-BCC7-CA923CBCF16C}") = "docker-compose", "docker-compose.dcproj", "{2D859DD6-E957-467E-B530-E6C9D01C1E46}"
EndProject
Project("{FAE04EC0-301F-11D3-BF4B-00C04F79EFBC}") = "PostsByMarko.UnitTests", "PostsByMarko.UnitTests\PostsByMarko.UnitTests.csproj", "{BD93B694-5DE6-42FE-9C9A-E587AFD1DB8C}"
EndProject
Global
	GlobalSection(SolutionConfigurationPlatforms) = preSolution
		Debug|Any CPU = Debug|Any CPU
		Release|Any CPU = Release|Any CPU
	EndGlobalSection
	GlobalSection(ProjectConfigurationPlatforms) = postSolution
		{272BE9DF-3CD6-4D2D-B571-B6D3A3DEF34F}.Debug|Any CPU.ActiveCfg = Debug|Any CPU
		{272BE9DF-3CD6-4D2D-B571-B6D3A3DEF34F}.Debug|Any CPU.Build.0 = Debug|Any CPU
		{272BE9DF-3CD6-4D2D-B571-B6D3A3DEF34F}.Release|Any CPU.ActiveCfg = Release|Any CPU
		{272BE9DF-3CD6-4D2D-B571-B6D3A3DEF34F}.Release|Any CPU.Build.0 = Release|Any CPU
		{667CDB6E-52E2-4B68-9AF1-C97630F6C6F5}.Debug|Any CPU.ActiveCfg = Debug|Any CPU
		{667CDB6E-52E2-4B68-9AF1-C97630F6C6F5}.Debug|Any CPU.Build.0 = Debug|Any CPU
		{667CDB6E-52E2-4B68-9AF1-C97630F6C6F5}.Release|Any CPU.ActiveCfg = Release|Any CPU
		{667CDB6E-52E2-4B68-9AF1-C97630F6C6F5}.Release|Any CPU.Build.0 = Release|Any CPU
		{2D859DD6-E957-467E-B530-E6C9D01C1E46}.Debug|Any CPU.ActiveCfg = Debug|Any CPU
		{2D859DD6-E957-467E-B530-E6C9D01C1E46}.Debug|Any CPU.Build.0 = Debug|Any CPU
		{2D859DD6-E957-467E-B530-E6C9D01C1E46}.Release|Any CPU.ActiveCfg = Release|Any CPU
		{2D859DD6-E957-467E-B530-E6C9D01C1E46}.Release|Any CPU.Build.0 = Release|Any CPU
		{BD93B694-5DE6-42FE-9C9A-E587AFD1DB8C}.Debug|Any CPU.ActiveCfg = Debug|Any CPU
		{BD93B694-5DE6-42FE-9C9A-E587AFD1DB8C}.Debug|Any CPU.Build.0 = Debug|Any CPU
		{BD93B694-5DE6-42FE-9C9A-E587AFD1DB8C}.Release|Any CPU.ActiveCfg = Release|Any CPU
		{BD93B694-5DE6-42FE-9C9A-E587AFD1DB8C}.Release|Any CPU.Build.0 = Release|Any CPU
	EndGlobalSection
	GlobalSection(SolutionProperties) = preSolution
		HideSolutionNode = FALSE
	EndGlobalSection
	GlobalSection(ExtensibilityGlobals) = postSolution
		SolutionGuid = {B003471D-F450-46E8-B648-98843B0D8550}
	EndGlobalSection
EndGlobal
